
Microsoft Visual Studio Solution File, Format Version 12.00
# Visual Studio Version 17
VisualStudioVersion = 17.5.33424.131
MinimumVisualStudioVersion = 10.0.40219.1
Project("{FAE04EC0-301F-11D3-BF4B-00C04F79EFBC}") = "RecursionPrac", "RecursionPrac\RecursionPrac.csproj", "{2AEB980F-B6DB-4593-A18A-E685FCF0FB6A}"
EndProject
Global
	GlobalSection(SolutionConfigurationPlatforms) = preSolution
		Debug|Any CPU = Debug|Any CPU
		Release|Any CPU = Release|Any CPU
	EndGlobalSection
	GlobalSection(ProjectConfigurationPlatforms) = postSolution
		{2AEB980F-B6DB-4593-A18A-E685FCF0FB6A}.Debug|Any CPU.ActiveCfg = Debug|Any CPU
		{2AEB980F-B6DB-4593-A18A-E685FCF0FB6A}.Debug|Any CPU.Build.0 = Debug|Any CPU
		{2AEB980F-B6DB-4593-A18A-E685FCF0FB6A}.Release|Any CPU.ActiveCfg = Release|Any CPU
		{2AEB980F-B6DB-4593-A18A-E685FCF0FB6A}.Release|Any CPU.Build.0 = Release|Any CPU
	EndGlobalSection
	GlobalSection(SolutionProperties) = preSolution
		HideSolutionNode = FALSE
	EndGlobalSection
	GlobalSection(ExtensibilityGlobals) = postSolution
		SolutionGuid = {3BE470CC-52FF-4649-9CDB-F67155D258EE}
	EndGlobalSection
EndGlobal
